
Microsoft Visual Studio Solution File, Format Version 12.00
# Visual Studio Version 17
VisualStudioVersion = 17.11.35222.181
MinimumVisualStudioVersion = 10.0.40219.1
Project("{FAE04EC0-301F-11D3-BF4B-00C04F79EFBC}") = "Lr4", "Lr4.csproj", "{103014EB-69B0-4FFB-A27F-B5C50BF8E7F1}"
EndProject
Global
	GlobalSection(SolutionConfigurationPlatforms) = preSolution
		Debug|Any CPU = Debug|Any CPU
		Release|Any CPU = Release|Any CPU
	EndGlobalSection
	GlobalSection(ProjectConfigurationPlatforms) = postSolution
		{103014EB-69B0-4FFB-A27F-B5C50BF8E7F1}.Debug|Any CPU.ActiveCfg = Debug|Any CPU
		{103014EB-69B0-4FFB-A27F-B5C50BF8E7F1}.Debug|Any CPU.Build.0 = Debug|Any CPU
		{103014EB-69B0-4FFB-A27F-B5C50BF8E7F1}.Release|Any CPU.ActiveCfg = Release|Any CPU
		{103014EB-69B0-4FFB-A27F-B5C50BF8E7F1}.Release|Any CPU.Build.0 = Release|Any CPU
	EndGlobalSection
	GlobalSection(SolutionProperties) = preSolution
		HideSolutionNode = FALSE
	EndGlobalSection
	GlobalSection(ExtensibilityGlobals) = postSolution
		SolutionGuid = {68903BD3-D7E8-432F-8913-2DC95E14977D}
	EndGlobalSection
EndGlobal
